
Microsoft Visual Studio Solution File, Format Version 12.00
# Visual Studio Version 17
VisualStudioVersion = 17.3.32929.385
MinimumVisualStudioVersion = 10.0.40219.1
Project("{9A19103F-16F7-4668-BE54-9A1E7A4F7556}") = "ExpenseTracker", "ExpenseTracker\ExpenseTracker.csproj", "{3E14BD34-3FA7-4608-A7BA-CC0217A6936F}"
EndProject
Project("{9A19103F-16F7-4668-BE54-9A1E7A4F7556}") = "ExpenseTrackerTests", "ExpenseTrackerTests\ExpenseTrackerTests.csproj", "{606CFB0F-2884-4564-867D-D73B94716489}"
EndProject
Project("{9A19103F-16F7-4668-BE54-9A1E7A4F7556}") = "ExpenseTrackerAPI", "ExpenseTrackerAPI\ExpenseTrackerAPI.csproj", "{8297D98C-2B55-4B3B-B796-308EB9FD9CAF}"
EndProject
Project("{FAE04EC0-301F-11D3-BF4B-00C04F79EFBC}") = "Database", "Database\Database.csproj", "{38599117-940F-4960-BAF5-8559F6BA4983}"
EndProject
Global
	GlobalSection(SolutionConfigurationPlatforms) = preSolution
		Debug|Any CPU = Debug|Any CPU
		Release|Any CPU = Release|Any CPU
	EndGlobalSection
	GlobalSection(ProjectConfigurationPlatforms) = postSolution
		{3E14BD34-3FA7-4608-A7BA-CC0217A6936F}.Debug|Any CPU.ActiveCfg = Debug|Any CPU
		{3E14BD34-3FA7-4608-A7BA-CC0217A6936F}.Debug|Any CPU.Build.0 = Debug|Any CPU
		{3E14BD34-3FA7-4608-A7BA-CC0217A6936F}.Release|Any CPU.ActiveCfg = Release|Any CPU
		{3E14BD34-3FA7-4608-A7BA-CC0217A6936F}.Release|Any CPU.Build.0 = Release|Any CPU
		{606CFB0F-2884-4564-867D-D73B94716489}.Debug|Any CPU.ActiveCfg = Debug|Any CPU
		{606CFB0F-2884-4564-867D-D73B94716489}.Debug|Any CPU.Build.0 = Debug|Any CPU
		{606CFB0F-2884-4564-867D-D73B94716489}.Release|Any CPU.ActiveCfg = Release|Any CPU
		{606CFB0F-2884-4564-867D-D73B94716489}.Release|Any CPU.Build.0 = Release|Any CPU
		{8297D98C-2B55-4B3B-B796-308EB9FD9CAF}.Debug|Any CPU.ActiveCfg = Debug|Any CPU
		{8297D98C-2B55-4B3B-B796-308EB9FD9CAF}.Debug|Any CPU.Build.0 = Debug|Any CPU
		{8297D98C-2B55-4B3B-B796-308EB9FD9CAF}.Release|Any CPU.ActiveCfg = Release|Any CPU
		{8297D98C-2B55-4B3B-B796-308EB9FD9CAF}.Release|Any CPU.Build.0 = Release|Any CPU
		{38599117-940F-4960-BAF5-8559F6BA4983}.Debug|Any CPU.ActiveCfg = Debug|Any CPU
		{38599117-940F-4960-BAF5-8559F6BA4983}.Debug|Any CPU.Build.0 = Debug|Any CPU
		{38599117-940F-4960-BAF5-8559F6BA4983}.Release|Any CPU.ActiveCfg = Release|Any CPU
		{38599117-940F-4960-BAF5-8559F6BA4983}.Release|Any CPU.Build.0 = Release|Any CPU
	EndGlobalSection
	GlobalSection(SolutionProperties) = preSolution
		HideSolutionNode = FALSE
	EndGlobalSection
	GlobalSection(ExtensibilityGlobals) = postSolution
		SolutionGuid = {80B172E1-3B54-420D-87CE-745732BD87BF}
	EndGlobalSection
EndGlobal
